
Microsoft Visual Studio Solution File, Format Version 12.00
# Visual Studio Version 17
VisualStudioVersion = 17.6.33801.468
MinimumVisualStudioVersion = 10.0.40219.1
Project("{FAE04EC0-301F-11D3-BF4B-00C04F79EFBC}") = "DAALGOFinal", "DAALGOFinal\DAALGOFinal.csproj", "{4A62D8FE-0DE8-45EA-9267-A1D0985B6113}"
EndProject
Global
	GlobalSection(SolutionConfigurationPlatforms) = preSolution
		Debug|Any CPU = Debug|Any CPU
		Release|Any CPU = Release|Any CPU
	EndGlobalSection
	GlobalSection(ProjectConfigurationPlatforms) = postSolution
		{4A62D8FE-0DE8-45EA-9267-A1D0985B6113}.Debug|Any CPU.ActiveCfg = Debug|Any CPU
		{4A62D8FE-0DE8-45EA-9267-A1D0985B6113}.Debug|Any CPU.Build.0 = Debug|Any CPU
		{4A62D8FE-0DE8-45EA-9267-A1D0985B6113}.Release|Any CPU.ActiveCfg = Release|Any CPU
		{4A62D8FE-0DE8-45EA-9267-A1D0985B6113}.Release|Any CPU.Build.0 = Release|Any CPU
	EndGlobalSection
	GlobalSection(SolutionProperties) = preSolution
		HideSolutionNode = FALSE
	EndGlobalSection
	GlobalSection(ExtensibilityGlobals) = postSolution
		SolutionGuid = {29C8EDCC-38F1-4468-991F-D7D0B2B37754}
	EndGlobalSection
EndGlobal
